
Microsoft Visual Studio Solution File, Format Version 12.00
# Visual Studio Version 16
VisualStudioVersion = 16.0.31829.152
MinimumVisualStudioVersion = 10.0.40219.1
Project("{FAE04EC0-301F-11D3-BF4B-00C04F79EFBC}") = "TestApp.Android", "TestApp.Android\TestApp.Android.csproj", "{32F72712-4113-4270-9742-A1C5582DE8D8}"
EndProject
Project("{FAE04EC0-301F-11D3-BF4B-00C04F79EFBC}") = "TestApp.iOS", "TestApp.iOS\TestApp.iOS.csproj", "{4238D052-6226-4B05-B44C-0D56CBDF8DCB}"
EndProject
Project("{FAE04EC0-301F-11D3-BF4B-00C04F79EFBC}") = "TestApp", "TestApp\TestApp.csproj", "{0DBAEA1D-FB66-4665-B00C-D741BAE087E3}"
EndProject
Global
	GlobalSection(SolutionConfigurationPlatforms) = preSolution
		Debug|Any CPU = Debug|Any CPU
		Debug|iPhone = Debug|iPhone
		Debug|iPhoneSimulator = Debug|iPhoneSimulator
		Release|Any CPU = Release|Any CPU
		Release|iPhone = Release|iPhone
		Release|iPhoneSimulator = Release|iPhoneSimulator
	EndGlobalSection
	GlobalSection(ProjectConfigurationPlatforms) = postSolution
		{32F72712-4113-4270-9742-A1C5582DE8D8}.Debug|Any CPU.ActiveCfg = Debug|Any CPU
		{32F72712-4113-4270-9742-A1C5582DE8D8}.Debug|Any CPU.Build.0 = Debug|Any CPU
		{32F72712-4113-4270-9742-A1C5582DE8D8}.Debug|Any CPU.Deploy.0 = Debug|Any CPU
		{32F72712-4113-4270-9742-A1C5582DE8D8}.Debug|iPhone.ActiveCfg = Debug|Any CPU
		{32F72712-4113-4270-9742-A1C5582DE8D8}.Debug|iPhone.Build.0 = Debug|Any CPU
		{32F72712-4113-4270-9742-A1C5582DE8D8}.Debug|iPhone.Deploy.0 = Debug|Any CPU
		{32F72712-4113-4270-9742-A1C5582DE8D8}.Debug|iPhoneSimulator.ActiveCfg = Debug|Any CPU
		{32F72712-4113-4270-9742-A1C5582DE8D8}.Debug|iPhoneSimulator.Build.0 = Debug|Any CPU
		{32F72712-4113-4270-9742-A1C5582DE8D8}.Debug|iPhoneSimulator.Deploy.0 = Debug|Any CPU
		{32F72712-4113-4270-9742-A1C5582DE8D8}.Release|Any CPU.ActiveCfg = Release|Any CPU
		{32F72712-4113-4270-9742-A1C5582DE8D8}.Release|Any CPU.Build.0 = Release|Any CPU
		{32F72712-4113-4270-9742-A1C5582DE8D8}.Release|Any CPU.Deploy.0 = Release|Any CPU
		{32F72712-4113-4270-9742-A1C5582DE8D8}.Release|iPhone.ActiveCfg = Release|Any CPU
		{32F72712-4113-4270-9742-A1C5582DE8D8}.Release|iPhone.Build.0 = Release|Any CPU
		{32F72712-4113-4270-9742-A1C5582DE8D8}.Release|iPhone.Deploy.0 = Release|Any CPU
		{32F72712-4113-4270-9742-A1C5582DE8D8}.Release|iPhoneSimulator.ActiveCfg = Release|Any CPU
		{32F72712-4113-4270-9742-A1C5582DE8D8}.Release|iPhoneSimulator.Build.0 = Release|Any CPU
		{32F72712-4113-4270-9742-A1C5582DE8D8}.Release|iPhoneSimulator.Deploy.0 = Release|Any CPU
		{4238D052-6226-4B05-B44C-0D56CBDF8DCB}.Debug|Any CPU.ActiveCfg = Debug|iPhone
		{4238D052-6226-4B05-B44C-0D56CBDF8DCB}.Debug|Any CPU.Build.0 = Debug|iPhone
		{4238D052-6226-4B05-B44C-0D56CBDF8DCB}.Debug|Any CPU.Deploy.0 = Debug|iPhone
		{4238D052-6226-4B05-B44C-0D56CBDF8DCB}.Debug|iPhone.ActiveCfg = Debug|iPhone
		{4238D052-6226-4B05-B44C-0D56CBDF8DCB}.Debug|iPhone.Build.0 = Debug|iPhone
		{4238D052-6226-4B05-B44C-0D56CBDF8DCB}.Debug|iPhone.Deploy.0 = Debug|iPhone
		{4238D052-6226-4B05-B44C-0D56CBDF8DCB}.Debug|iPhoneSimulator.ActiveCfg = Debug|iPhoneSimulator
		{4238D052-6226-4B05-B44C-0D56CBDF8DCB}.Debug|iPhoneSimulator.Build.0 = Debug|iPhoneSimulator
		{4238D052-6226-4B05-B44C-0D56CBDF8DCB}.Debug|iPhoneSimulator.Deploy.0 = Debug|iPhoneSimulator
		{4238D052-6226-4B05-B44C-0D56CBDF8DCB}.Release|Any CPU.ActiveCfg = Release|iPhoneSimulator
		{4238D052-6226-4B05-B44C-0D56CBDF8DCB}.Release|Any CPU.Build.0 = Release|iPhoneSimulator
		{4238D052-6226-4B05-B44C-0D56CBDF8DCB}.Release|Any CPU.Deploy.0 = Release|iPhoneSimulator
		{4238D052-6226-4B05-B44C-0D56CBDF8DCB}.Release|iPhone.ActiveCfg = Release|iPhone
		{4238D052-6226-4B05-B44C-0D56CBDF8DCB}.Release|iPhone.Build.0 = Release|iPhone
		{4238D052-6226-4B05-B44C-0D56CBDF8DCB}.Release|iPhone.Deploy.0 = Release|iPhone
		{4238D052-6226-4B05-B44C-0D56CBDF8DCB}.Release|iPhoneSimulator.ActiveCfg = Release|iPhoneSimulator
		{4238D052-6226-4B05-B44C-0D56CBDF8DCB}.Release|iPhoneSimulator.Build.0 = Release|iPhoneSimulator
		{4238D052-6226-4B05-B44C-0D56CBDF8DCB}.Release|iPhoneSimulator.Deploy.0 = Release|iPhoneSimulator
		{0DBAEA1D-FB66-4665-B00C-D741BAE087E3}.Debug|Any CPU.ActiveCfg = Debug|Any CPU
		{0DBAEA1D-FB66-4665-B00C-D741BAE087E3}.Debug|Any CPU.Build.0 = Debug|Any CPU
		{0DBAEA1D-FB66-4665-B00C-D741BAE087E3}.Debug|Any CPU.Deploy.0 = Debug|Any CPU
		{0DBAEA1D-FB66-4665-B00C-D741BAE087E3}.Debug|iPhone.ActiveCfg = Debug|Any CPU
		{0DBAEA1D-FB66-4665-B00C-D741BAE087E3}.Debug|iPhone.Build.0 = Debug|Any CPU
		{0DBAEA1D-FB66-4665-B00C-D741BAE087E3}.Debug|iPhone.Deploy.0 = Debug|Any CPU
		{0DBAEA1D-FB66-4665-B00C-D741BAE087E3}.Debug|iPhoneSimulator.ActiveCfg = Debug|Any CPU
		{0DBAEA1D-FB66-4665-B00C-D741BAE087E3}.Debug|iPhoneSimulator.Build.0 = Debug|Any CPU
		{0DBAEA1D-FB66-4665-B00C-D741BAE087E3}.Debug|iPhoneSimulator.Deploy.0 = Debug|Any CPU
		{0DBAEA1D-FB66-4665-B00C-D741BAE087E3}.Release|Any CPU.ActiveCfg = Release|Any CPU
		{0DBAEA1D-FB66-4665-B00C-D741BAE087E3}.Release|Any CPU.Build.0 = Release|Any CPU
		{0DBAEA1D-FB66-4665-B00C-D741BAE087E3}.Release|Any CPU.Deploy.0 = Release|Any CPU
		{0DBAEA1D-FB66-4665-B00C-D741BAE087E3}.Release|iPhone.ActiveCfg = Release|Any CPU
		{0DBAEA1D-FB66-4665-B00C-D741BAE087E3}.Release|iPhone.Build.0 = Release|Any CPU
		{0DBAEA1D-FB66-4665-B00C-D741BAE087E3}.Release|iPhone.Deploy.0 = Release|Any CPU
		{0DBAEA1D-FB66-4665-B00C-D741BAE087E3}.Release|iPhoneSimulator.ActiveCfg = Release|Any CPU
		{0DBAEA1D-FB66-4665-B00C-D741BAE087E3}.Release|iPhoneSimulator.Build.0 = Release|Any CPU
		{0DBAEA1D-FB66-4665-B00C-D741BAE087E3}.Release|iPhoneSimulator.Deploy.0 = Release|Any CPU
	EndGlobalSection
	GlobalSection(SolutionProperties) = preSolution
		HideSolutionNode = FALSE
	EndGlobalSection
	GlobalSection(ExtensibilityGlobals) = postSolution
		SolutionGuid = {D29B19B1-F6A4-461A-81C9-F33E85B8E912}
	EndGlobalSection
EndGlobal
